
Microsoft Visual Studio Solution File, Format Version 12.00
# Visual Studio Version 16
VisualStudioVersion = 16.0.31205.134
MinimumVisualStudioVersion = 10.0.40219.1
Project("{8BC9CEB8-8B4A-11D0-8D11-00A0C91BC942}") = "ModellingOfRelativisticPhysics", "Skeleton\Skeleton.vcxproj", "{8B83E48F-726D-48E2-93F3-06B9AEE4BF72}"
EndProject
Global
	GlobalSection(SolutionConfigurationPlatforms) = preSolution
		Debug_CLR|Any CPU = Debug_CLR|Any CPU
		Debug_CLR|Win32 = Debug_CLR|Win32
		Debug_CLR|x64 = Debug_CLR|x64
		Debug|Any CPU = Debug|Any CPU
		Debug|Win32 = Debug|Win32
		Debug|x64 = Debug|x64
		Release_CLR|Any CPU = Release_CLR|Any CPU
		Release_CLR|Win32 = Release_CLR|Win32
		Release_CLR|x64 = Release_CLR|x64
		Release_Forms|Any CPU = Release_Forms|Any CPU
		Release_Forms|Win32 = Release_Forms|Win32
		Release_Forms|x64 = Release_Forms|x64
		Release|Any CPU = Release|Any CPU
		Release|Win32 = Release|Win32
		Release|x64 = Release|x64
	EndGlobalSection
	GlobalSection(ProjectConfigurationPlatforms) = postSolution
		{8B83E48F-726D-48E2-93F3-06B9AEE4BF72}.Debug_CLR|Any CPU.ActiveCfg = Debug_CLR|Win32
		{8B83E48F-726D-48E2-93F3-06B9AEE4BF72}.Debug_CLR|Win32.ActiveCfg = Debug_CLR|Win32
		{8B83E48F-726D-48E2-93F3-06B9AEE4BF72}.Debug_CLR|Win32.Build.0 = Debug_CLR|Win32
		{8B83E48F-726D-48E2-93F3-06B9AEE4BF72}.Debug_CLR|x64.ActiveCfg = Debug_CLR|Win32
		{8B83E48F-726D-48E2-93F3-06B9AEE4BF72}.Debug|Any CPU.ActiveCfg = Debug|Win32
		{8B83E48F-726D-48E2-93F3-06B9AEE4BF72}.Debug|Win32.ActiveCfg = Debug|Win32
		{8B83E48F-726D-48E2-93F3-06B9AEE4BF72}.Debug|Win32.Build.0 = Debug|Win32
		{8B83E48F-726D-48E2-93F3-06B9AEE4BF72}.Debug|x64.ActiveCfg = Debug|Win32
		{8B83E48F-726D-48E2-93F3-06B9AEE4BF72}.Release_CLR|Any CPU.ActiveCfg = Release_CLR|Win32
		{8B83E48F-726D-48E2-93F3-06B9AEE4BF72}.Release_CLR|Win32.ActiveCfg = Release_CLR|Win32
		{8B83E48F-726D-48E2-93F3-06B9AEE4BF72}.Release_CLR|Win32.Build.0 = Release_CLR|Win32
		{8B83E48F-726D-48E2-93F3-06B9AEE4BF72}.Release_CLR|x64.ActiveCfg = Release_CLR|Win32
		{8B83E48F-726D-48E2-93F3-06B9AEE4BF72}.Release_Forms|Any CPU.ActiveCfg = Release_Forms|Win32
		{8B83E48F-726D-48E2-93F3-06B9AEE4BF72}.Release_Forms|Win32.ActiveCfg = Release_Forms|Win32
		{8B83E48F-726D-48E2-93F3-06B9AEE4BF72}.Release_Forms|Win32.Build.0 = Release_Forms|Win32
		{8B83E48F-726D-48E2-93F3-06B9AEE4BF72}.Release_Forms|x64.ActiveCfg = Release_Forms|Win32
		{8B83E48F-726D-48E2-93F3-06B9AEE4BF72}.Release|Any CPU.ActiveCfg = Release|Win32
		{8B83E48F-726D-48E2-93F3-06B9AEE4BF72}.Release|Win32.ActiveCfg = Release|Win32
		{8B83E48F-726D-48E2-93F3-06B9AEE4BF72}.Release|Win32.Build.0 = Release|Win32
		{8B83E48F-726D-48E2-93F3-06B9AEE4BF72}.Release|x64.ActiveCfg = Release|Win32
	EndGlobalSection
	GlobalSection(SolutionProperties) = preSolution
		HideSolutionNode = FALSE
	EndGlobalSection
	GlobalSection(ExtensibilityGlobals) = postSolution
		SolutionGuid = {D385658D-9C53-4089-BD55-906D5F7E47B0}
	EndGlobalSection
EndGlobal
