<?xml version="1.0" encoding="utf-8"?>
<Project ToolsVersion="4.0" xmlns="http://schemas.microsoft.com/developer/msbuild/2003">
  <ItemGroup>
    <Filter Include="Source Files">
      <UniqueIdentifier>{4FC737F1-C7A5-4376-A066-2A32D752A2FF}</UniqueIdentifier>
      <Extensions>cpp;c;cc;cxx;def;odl;idl;hpj;bat;asm;asmx</Extensions>
    </Filter>
    <Filter Include="Header Files">
      <UniqueIdentifier>{93995380-89BD-4b04-88EB-625FBE52EBFB}</UniqueIdentifier>
      <Extensions>h;hpp;hxx;hm;inl;inc;xsd</Extensions>
    </Filter>
    <Filter Include="Resource Files">
      <UniqueIdentifier>{67DA6AB6-F800-4c08-8B7A-83BB121AAD01}</UniqueIdentifier>
      <Extensions>rc;ico;cur;bmp;dlg;rc2;rct;bin;rgs;gif;jpg;jpeg;jpe;resx;tiff;tif;png;wav;mfcribbon-ms</Extensions>
    </Filter>
    <Filter Include="imgui">
      <UniqueIdentifier>{816bfc6e-c900-495a-a657-2ebbe42dfc65}</UniqueIdentifier>
    </Filter>
    <Filter Include="Header Files\View">
      <UniqueIdentifier>{00da2b9d-390a-4f93-9bdb-9e85452a476d}</UniqueIdentifier>
    </Filter>
    <Filter Include="Header Files\Controller">
      <UniqueIdentifier>{87e1807a-35da-48a0-b6d1-5e04638de32a}</UniqueIdentifier>
    </Filter>
    <Filter Include="Resource Files\shaders">
      <UniqueIdentifier>{d0148a58-0b73-4ce9-9845-8fe3f8d7d6f2}</UniqueIdentifier>
    </Filter>
    <Filter Include="Resource Files\textures">
      <UniqueIdentifier>{f3365923-9331-4f3a-a3bb-2c445abe2688}</UniqueIdentifier>
    </Filter>
    <Filter Include="Resource Files\geometry">
      <UniqueIdentifier>{a1cae4c2-6d57-49d4-9156-0fdeb0222512}</UniqueIdentifier>
    </Filter>
    <Filter Include="Header Files\Model">
      <UniqueIdentifier>{6e420949-2261-4d96-ae05-508b0f459651}</UniqueIdentifier>
    </Filter>
  </ItemGroup>
  <ItemGroup>
    <ClCompile Include="Sources\AdvancedTexture.cpp">
      <Filter>Source Files</Filter>
    </ClCompile>
    <ClCompile Include="Sources\Assets.cpp">
      <Filter>Source Files</Filter>
    </ClCompile>
    <ClCompile Include="Sources\Camera.cpp">
      <Filter>Source Files</Filter>
    </ClCompile>
    <ClCompile Include="Sources\Caption.cpp">
      <Filter>Source Files</Filter>
    </ClCompile>
    <ClCompile Include="Sources\ControlEvent.cpp">
      <Filter>Source Files</Filter>
    </ClCompile>
    <ClCompile Include="Sources\ControlEventOverride.cpp">
      <Filter>Source Files</Filter>
    </ClCompile>
    <ClCompile Include="Sources\CoordinateSystem.cpp">
      <Filter>Source Files</Filter>
    </ClCompile>
    <ClCompile Include="Sources\Editor.cpp">
      <Filter>Source Files</Filter>
    </ClCompile>
    <ClCompile Include="Sources\Entity.cpp">
      <Filter>Source Files</Filter>
    </ClCompile>
    <ClCompile Include="Sources\Event.cpp">
      <Filter>Source Files</Filter>
    </ClCompile>
    <ClCompile Include="Sources\Font.cpp">
      <Filter>Source Files</Filter>
    </ClCompile>
    <ClCompile Include="Sources\framework.cpp">
      <Filter>Source Files</Filter>
    </ClCompile>
    <ClCompile Include="Sources\Geometry.cpp">
      <Filter>Source Files</Filter>
    </ClCompile>
    <ClCompile Include="Sources\GlutCallbacks.cpp">
      <Filter>Source Files</Filter>
    </ClCompile>
    <ClCompile Include="Sources\HUD.cpp">
      <Filter>Source Files</Filter>
    </ClCompile>
    <ClCompile Include="Sources\Hyperplane.cpp">
      <Filter>Source Files</Filter>
    </ClCompile>
    <ClCompile Include="Sources\ImGUIAdapter.cpp">
      <Filter>Source Files</Filter>
    </ClCompile>
    <ClCompile Include="Sources\Interpolatable.cpp">
      <Filter>Source Files</Filter>
    </ClCompile>
    <ClCompile Include="Sources\Lamp.cpp">
      <Filter>Source Files</Filter>
    </ClCompile>
    <ClCompile Include="Sources\LightCone.cpp">
      <Filter>Source Files</Filter>
    </ClCompile>
    <ClCompile Include="Sources\MenuSystem.cpp">
      <Filter>Source Files</Filter>
    </ClCompile>
    <ClCompile Include="Sources\MessageQueue.cpp">
      <Filter>Source Files</Filter>
    </ClCompile>
    <ClCompile Include="Sources\Object.cpp">
      <Filter>Source Files</Filter>
    </ClCompile>
    <ClCompile Include="Sources\Observer.cpp">
      <Filter>Source Files</Filter>
    </ClCompile>
    <ClCompile Include="Sources\Plane.cpp">
      <Filter>Source Files</Filter>
    </ClCompile>
    <ClCompile Include="Sources\RelPhysics.cpp">
      <Filter>Source Files</Filter>
    </ClCompile>
    <ClCompile Include="Sources\Scene.cpp">
      <Filter>Source Files</Filter>
    </ClCompile>
    <ClCompile Include="Sources\SettingsBar.cpp">
      <Filter>Source Files</Filter>
    </ClCompile>
    <ClCompile Include="Sources\StringOperations.cpp">
      <Filter>Source Files</Filter>
    </ClCompile>
    <ClCompile Include="Sources\TextEntry.cpp">
      <Filter>Source Files</Filter>
    </ClCompile>
    <ClCompile Include="Sources\View.cpp">
      <Filter>Source Files</Filter>
    </ClCompile>
    <ClCompile Include="Sources\WorldLine.cpp">
      <Filter>Source Files</Filter>
    </ClCompile>
    <ClCompile Include="Sources\WorldLineView.cpp">
      <Filter>Source Files</Filter>
    </ClCompile>
    <ClCompile Include="Sources\imgui\imgui.cpp">
      <Filter>imgui</Filter>
    </ClCompile>
    <ClCompile Include="Sources\imgui\imgui_demo.cpp">
      <Filter>imgui</Filter>
    </ClCompile>
    <ClCompile Include="Sources\imgui\imgui_draw.cpp">
      <Filter>imgui</Filter>
    </ClCompile>
    <ClCompile Include="Sources\imgui\imgui_impl_glut.cpp">
      <Filter>imgui</Filter>
    </ClCompile>
    <ClCompile Include="Sources\imgui\imgui_impl_opengl3.cpp">
      <Filter>imgui</Filter>
    </ClCompile>
    <ClCompile Include="Sources\imgui\imgui_tables.cpp">
      <Filter>imgui</Filter>
    </ClCompile>
    <ClCompile Include="Sources\imgui\imgui_widgets.cpp">
      <Filter>imgui</Filter>
    </ClCompile>
  </ItemGroup>
  <ItemGroup>
    <ClInclude Include="Sources\IControlEvent.h">
      <Filter>Header Files\Controller</Filter>
    </ClInclude>
    <ClInclude Include="Sources\Caption.h">
      <Filter>Header Files\View</Filter>
    </ClInclude>
    <ClInclude Include="Sources\ControlEvent.h">
      <Filter>Header Files\Controller</Filter>
    </ClInclude>
    <ClInclude Include="Sources\ControlEventOverride.h">
      <Filter>Header Files\Controller</Filter>
    </ClInclude>
    <ClInclude Include="Sources\Editor.h">
      <Filter>Header Files\Controller</Filter>
    </ClInclude>
    <ClInclude Include="Sources\Event.h">
      <Filter>Header Files\Controller</Filter>
    </ClInclude>
    <ClInclude Include="Sources\Exceptions.h">
      <Filter>Header Files\Controller</Filter>
    </ClInclude>
    <ClInclude Include="Sources\Font.h">
      <Filter>Header Files\View</Filter>
    </ClInclude>
    <ClInclude Include="Sources\framework.h">
      <Filter>Header Files\Controller</Filter>
    </ClInclude>
    <ClInclude Include="Sources\GlutCallbacks.h">
      <Filter>Header Files\Controller</Filter>
    </ClInclude>
    <ClInclude Include="Sources\HUD.h">
      <Filter>Header Files\View</Filter>
    </ClInclude>
    <ClInclude Include="Sources\ImGUIAdapter.h">
      <Filter>Header Files\View</Filter>
    </ClInclude>
    <ClInclude Include="Sources\MenuSystem.h">
      <Filter>Header Files\View</Filter>
    </ClInclude>
    <ClInclude Include="Sources\MessageQueue.h">
      <Filter>Header Files\View</Filter>
    </ClInclude>
    <ClInclude Include="Sources\Scene.h">
      <Filter>Header Files\Controller</Filter>
    </ClInclude>
    <ClInclude Include="Sources\SettingsBar.h">
      <Filter>Header Files\View</Filter>
    </ClInclude>
    <ClInclude Include="Sources\Shaders.h">
      <Filter>Header Files\Controller</Filter>
    </ClInclude>
    <ClInclude Include="Sources\StringOperations.h">
      <Filter>Header Files\View</Filter>
    </ClInclude>
    <ClInclude Include="Sources\TextEntry.h">
      <Filter>Header Files\View</Filter>
    </ClInclude>
    <ClInclude Include="Sources\View.h">
      <Filter>Header Files\View</Filter>
    </ClInclude>
    <ClInclude Include="Sources\WorldLineView.h">
      <Filter>Header Files\View</Filter>
    </ClInclude>
    <ClInclude Include="Sources\imgui\imconfig.h">
      <Filter>imgui</Filter>
    </ClInclude>
    <ClInclude Include="Sources\imgui\imgui.h">
      <Filter>imgui</Filter>
    </ClInclude>
    <ClInclude Include="Sources\imgui\imgui_impl_glut.h">
      <Filter>imgui</Filter>
    </ClInclude>
    <ClInclude Include="Sources\imgui\imgui_impl_opengl3.h">
      <Filter>imgui</Filter>
    </ClInclude>
    <ClInclude Include="Sources\imgui\imgui_impl_opengl3_loader.h">
      <Filter>imgui</Filter>
    </ClInclude>
    <ClInclude Include="Sources\imgui\imgui_internal.h">
      <Filter>imgui</Filter>
    </ClInclude>
    <ClInclude Include="Sources\imgui\imstb_rectpack.h">
      <Filter>imgui</Filter>
    </ClInclude>
    <ClInclude Include="Sources\imgui\imstb_textedit.h">
      <Filter>imgui</Filter>
    </ClInclude>
    <ClInclude Include="Sources\imgui\imstb_truetype.h">
      <Filter>imgui</Filter>
    </ClInclude>
    <ClInclude Include="Sources\AdvancedTexture.h">
      <Filter>Header Files\Model</Filter>
    </ClInclude>
    <ClInclude Include="Sources\Assets.h">
      <Filter>Header Files\Model</Filter>
    </ClInclude>
    <ClInclude Include="Sources\Background.h">
      <Filter>Header Files\Model</Filter>
    </ClInclude>
    <ClInclude Include="Sources\Camera.h">
      <Filter>Header Files\Model</Filter>
    </ClInclude>
    <ClInclude Include="Sources\Color.h">
      <Filter>Header Files\Model</Filter>
    </ClInclude>
    <ClInclude Include="Sources\CoordinateSystem.h">
      <Filter>Header Files\Model</Filter>
    </ClInclude>
    <ClInclude Include="Sources\Entity.h">
      <Filter>Header Files\Model</Filter>
    </ClInclude>
    <ClInclude Include="Sources\EnumTypes.h">
      <Filter>Header Files\Model</Filter>
    </ClInclude>
    <ClInclude Include="Sources\Geometry.h">
      <Filter>Header Files\Model</Filter>
    </ClInclude>
    <ClInclude Include="Sources\Hyperplane.h">
      <Filter>Header Files\Model</Filter>
    </ClInclude>
    <ClInclude Include="Sources\Interpolatable.h">
      <Filter>Header Files\Model</Filter>
    </ClInclude>
    <ClInclude Include="Sources\Intersectable.h">
      <Filter>Header Files\Model</Filter>
    </ClInclude>
    <ClInclude Include="Sources\Lamp.h">
      <Filter>Header Files\Model</Filter>
    </ClInclude>
    <ClInclude Include="Sources\LightCone.h">
      <Filter>Header Files\Model</Filter>
    </ClInclude>
    <ClInclude Include="Sources\LightSource.h">
      <Filter>Header Files\Model</Filter>
    </ClInclude>
    <ClInclude Include="Sources\Material.h">
      <Filter>Header Files\Model</Filter>
    </ClInclude>
    <ClInclude Include="Sources\Object.h">
      <Filter>Header Files\Model</Filter>
    </ClInclude>
    <ClInclude Include="Sources\Observer.h">
      <Filter>Header Files\Model</Filter>
    </ClInclude>
    <ClInclude Include="Sources\Plane.h">
      <Filter>Header Files\Model</Filter>
    </ClInclude>
    <ClInclude Include="Sources\Ray.h">
      <Filter>Header Files\Model</Filter>
    </ClInclude>
    <ClInclude Include="Sources\RelPhysics.h">
      <Filter>Header Files\Model</Filter>
    </ClInclude>
    <ClInclude Include="Sources\WorldLine.h">
      <Filter>Header Files\Model</Filter>
    </ClInclude>
    <ClInclude Include="Sources\Dnum.h">
      <Filter>Header Files\Model</Filter>
    </ClInclude>
  </ItemGroup>
  <ItemGroup>
    <None Include="..\Resources\shaders\vertexShader.vert">
      <Filter>Resource Files\shaders</Filter>
    </None>
    <None Include="..\Resources\shaders\fragmentShader.frag">
      <Filter>Resource Files\shaders</Filter>
    </None>
  </ItemGroup>
  <ItemGroup>
    <Image Include="..\Resources\texture\dice.bmp">
      <Filter>Resource Files\textures</Filter>
    </Image>
    <Image Include="..\Resources\texture\dice.png">
      <Filter>Resource Files\textures</Filter>
    </Image>
    <Image Include="..\Resources\texture\earth_daymap.bmp">
      <Filter>Resource Files\textures</Filter>
    </Image>
    <Image Include="..\Resources\texture\earth_normal_map.bmp">
      <Filter>Resource Files\textures</Filter>
    </Image>
    <Image Include="..\Resources\texture\font.bmp">
      <Filter>Resource Files\textures</Filter>
    </Image>
    <Image Include="..\Resources\texture\font.png">
      <Filter>Resource Files\textures</Filter>
    </Image>
    <Image Include="..\Resources\texture\Harold.bmp">
      <Filter>Resource Files\textures</Filter>
    </Image>
    <Image Include="..\Resources\texture\icon.ico">
      <Filter>Resource Files\textures</Filter>
    </Image>
    <Image Include="..\Resources\texture\sandAfterEffects.bmp">
      <Filter>Resource Files\textures</Filter>
    </Image>
    <Image Include="..\Resources\texture\spaceship.bmp">
      <Filter>Resource Files\textures</Filter>
    </Image>
    <Image Include="..\Resources\texture\spaceship.png">
      <Filter>Resource Files\textures</Filter>
    </Image>
    <Image Include="..\Resources\texture\stars_milky_way.bmp">
      <Filter>Resource Files\textures</Filter>
    </Image>
  </ItemGroup>
</Project>